
Microsoft Visual Studio Solution File, Format Version 12.00
# Visual Studio Version 17
VisualStudioVersion = 17.1.32421.90
MinimumVisualStudioVersion = 10.0.40219.1
Project("{9A19103F-16F7-4668-BE54-9A1E7A4F7556}") = "FootballServerCapstone.Core", "FootballServerCapstone.Core\FootballServerCapstone.Core.csproj", "{08E50758-3F1A-4BFF-BC15-B4AFE09E52F7}"
EndProject
Project("{9A19103F-16F7-4668-BE54-9A1E7A4F7556}") = "FootballServerCapstone.API", "FootballServerCapstone.API\FootballServerCapstone.API.csproj", "{222257CD-6CB9-4C54-924D-C61776A26F0A}"
	ProjectSection(ProjectDependencies) = postProject
		{4415F51B-C03B-41BE-A7D8-6183EB297E13} = {4415F51B-C03B-41BE-A7D8-6183EB297E13}
	EndProjectSection
EndProject
Project("{9A19103F-16F7-4668-BE54-9A1E7A4F7556}") = "FootballServerCapstone.DAL", "FootballServerCapstone.DAL\FootballServerCapstone.DAL.csproj", "{4415F51B-C03B-41BE-A7D8-6183EB297E13}"
EndProject
Project("{9A19103F-16F7-4668-BE54-9A1E7A4F7556}") = "FootballServerCapstone.DAL.Tests", "FootballServerCapstone.DAL.Tests\FootballServerCapstone.DAL.Tests.csproj", "{34F35B29-7BD4-4660-92CE-3D79B55CFF26}"
EndProject
Global
	GlobalSection(SolutionConfigurationPlatforms) = preSolution
		Debug|Any CPU = Debug|Any CPU
		Release|Any CPU = Release|Any CPU
	EndGlobalSection
	GlobalSection(ProjectConfigurationPlatforms) = postSolution
		{08E50758-3F1A-4BFF-BC15-B4AFE09E52F7}.Debug|Any CPU.ActiveCfg = Debug|Any CPU
		{08E50758-3F1A-4BFF-BC15-B4AFE09E52F7}.Debug|Any CPU.Build.0 = Debug|Any CPU
		{08E50758-3F1A-4BFF-BC15-B4AFE09E52F7}.Release|Any CPU.ActiveCfg = Release|Any CPU
		{08E50758-3F1A-4BFF-BC15-B4AFE09E52F7}.Release|Any CPU.Build.0 = Release|Any CPU
		{222257CD-6CB9-4C54-924D-C61776A26F0A}.Debug|Any CPU.ActiveCfg = Debug|Any CPU
		{222257CD-6CB9-4C54-924D-C61776A26F0A}.Debug|Any CPU.Build.0 = Debug|Any CPU
		{222257CD-6CB9-4C54-924D-C61776A26F0A}.Release|Any CPU.ActiveCfg = Release|Any CPU
		{222257CD-6CB9-4C54-924D-C61776A26F0A}.Release|Any CPU.Build.0 = Release|Any CPU
		{4415F51B-C03B-41BE-A7D8-6183EB297E13}.Debug|Any CPU.ActiveCfg = Debug|Any CPU
		{4415F51B-C03B-41BE-A7D8-6183EB297E13}.Debug|Any CPU.Build.0 = Debug|Any CPU
		{4415F51B-C03B-41BE-A7D8-6183EB297E13}.Release|Any CPU.ActiveCfg = Release|Any CPU
		{4415F51B-C03B-41BE-A7D8-6183EB297E13}.Release|Any CPU.Build.0 = Release|Any CPU
		{34F35B29-7BD4-4660-92CE-3D79B55CFF26}.Debug|Any CPU.ActiveCfg = Debug|Any CPU
		{34F35B29-7BD4-4660-92CE-3D79B55CFF26}.Debug|Any CPU.Build.0 = Debug|Any CPU
		{34F35B29-7BD4-4660-92CE-3D79B55CFF26}.Release|Any CPU.ActiveCfg = Release|Any CPU
		{34F35B29-7BD4-4660-92CE-3D79B55CFF26}.Release|Any CPU.Build.0 = Release|Any CPU
	EndGlobalSection
	GlobalSection(SolutionProperties) = preSolution
		HideSolutionNode = FALSE
	EndGlobalSection
	GlobalSection(ExtensibilityGlobals) = postSolution
		SolutionGuid = {C73DD8FD-E98E-4EF0-BB60-44A89FAFA759}
	EndGlobalSection
EndGlobal
